
Microsoft Visual Studio Solution File, Format Version 12.00
# Visual Studio Version 17
VisualStudioVersion = 17.6.33829.357
MinimumVisualStudioVersion = 10.0.40219.1
Project("{9A19103F-16F7-4668-BE54-9A1E7A4F7556}") = "1.Leonisa.Proyecto.Componente.API", "1.Leonisa.Proyecto.Componente.API\1.Leonisa.Proyecto.Componente.API.csproj", "{E9792A5C-A231-453B-B2D0-A669A8C416D0}"
EndProject
Project("{9A19103F-16F7-4668-BE54-9A1E7A4F7556}") = "2.Leonisa.Proyecto.Componente.Service", "2.Leonisa.Proyecto.Componente.Service\2.Leonisa.Proyecto.Componente.Service.csproj", "{E1270190-A95A-4065-960E-2428D686B380}"
EndProject
Project("{9A19103F-16F7-4668-BE54-9A1E7A4F7556}") = "3.Leonisa.Proyecto.Componente.Domain", "3.Leonisa.Proyecto.Componente.Domain\3.Leonisa.Proyecto.Componente.Domain.csproj", "{1F330A2E-8A56-4F6C-9BB5-038A7B48382F}"
EndProject
Project("{FAE04EC0-301F-11D3-BF4B-00C04F79EFBC}") = "4.Leonisa.Proyecto.Componente.Repository", "4.Leonisa.Proyecto.Componente.Repository\4.Leonisa.Proyecto.Componente.Repository.csproj", "{B8D5DBF6-9378-4205-BF36-8890875D91BF}"
EndProject
Project("{FAE04EC0-301F-11D3-BF4B-00C04F79EFBC}") = "5.Leonisa.Proyecto.Componente.Gateway", "5.Leonisa.Proyecto.Componente.Gateway\5.Leonisa.Proyecto.Componente.Gateway.csproj", "{0548CE4B-E3C2-4FE5-8545-CCEDF5F38183}"
EndProject
Project("{FAE04EC0-301F-11D3-BF4B-00C04F79EFBC}") = "6.Leonisa.Proyecto.Componente.Persistence", "6.Leonisa.Proyecto.Componente.Persistence\6.Leonisa.Proyecto.Componente.Persistence.csproj", "{88E40E56-8BC0-4FDB-A98D-F929006545CC}"
EndProject
Project("{FAE04EC0-301F-11D3-BF4B-00C04F79EFBC}") = "7.Leonisa.Proyecto.Componente.Test", "7.Leonisa.Proyecto.Componente.Test\7.Leonisa.Proyecto.Componente.Test.csproj", "{AA008B4F-7E68-4464-8933-403CE779ADCD}"
EndProject
Global
	GlobalSection(SolutionConfigurationPlatforms) = preSolution
		Debug|Any CPU = Debug|Any CPU
		Release|Any CPU = Release|Any CPU
	EndGlobalSection
	GlobalSection(ProjectConfigurationPlatforms) = postSolution
		{E9792A5C-A231-453B-B2D0-A669A8C416D0}.Debug|Any CPU.ActiveCfg = Debug|Any CPU
		{E9792A5C-A231-453B-B2D0-A669A8C416D0}.Debug|Any CPU.Build.0 = Debug|Any CPU
		{E9792A5C-A231-453B-B2D0-A669A8C416D0}.Release|Any CPU.ActiveCfg = Release|Any CPU
		{E9792A5C-A231-453B-B2D0-A669A8C416D0}.Release|Any CPU.Build.0 = Release|Any CPU
		{E1270190-A95A-4065-960E-2428D686B380}.Debug|Any CPU.ActiveCfg = Debug|Any CPU
		{E1270190-A95A-4065-960E-2428D686B380}.Debug|Any CPU.Build.0 = Debug|Any CPU
		{E1270190-A95A-4065-960E-2428D686B380}.Release|Any CPU.ActiveCfg = Release|Any CPU
		{E1270190-A95A-4065-960E-2428D686B380}.Release|Any CPU.Build.0 = Release|Any CPU
		{1F330A2E-8A56-4F6C-9BB5-038A7B48382F}.Debug|Any CPU.ActiveCfg = Debug|Any CPU
		{1F330A2E-8A56-4F6C-9BB5-038A7B48382F}.Debug|Any CPU.Build.0 = Debug|Any CPU
		{1F330A2E-8A56-4F6C-9BB5-038A7B48382F}.Release|Any CPU.ActiveCfg = Release|Any CPU
		{1F330A2E-8A56-4F6C-9BB5-038A7B48382F}.Release|Any CPU.Build.0 = Release|Any CPU
		{B8D5DBF6-9378-4205-BF36-8890875D91BF}.Debug|Any CPU.ActiveCfg = Debug|Any CPU
		{B8D5DBF6-9378-4205-BF36-8890875D91BF}.Debug|Any CPU.Build.0 = Debug|Any CPU
		{B8D5DBF6-9378-4205-BF36-8890875D91BF}.Release|Any CPU.ActiveCfg = Release|Any CPU
		{B8D5DBF6-9378-4205-BF36-8890875D91BF}.Release|Any CPU.Build.0 = Release|Any CPU
		{0548CE4B-E3C2-4FE5-8545-CCEDF5F38183}.Debug|Any CPU.ActiveCfg = Debug|Any CPU
		{0548CE4B-E3C2-4FE5-8545-CCEDF5F38183}.Debug|Any CPU.Build.0 = Debug|Any CPU
		{0548CE4B-E3C2-4FE5-8545-CCEDF5F38183}.Release|Any CPU.ActiveCfg = Release|Any CPU
		{0548CE4B-E3C2-4FE5-8545-CCEDF5F38183}.Release|Any CPU.Build.0 = Release|Any CPU
		{88E40E56-8BC0-4FDB-A98D-F929006545CC}.Debug|Any CPU.ActiveCfg = Debug|Any CPU
		{88E40E56-8BC0-4FDB-A98D-F929006545CC}.Debug|Any CPU.Build.0 = Debug|Any CPU
		{88E40E56-8BC0-4FDB-A98D-F929006545CC}.Release|Any CPU.ActiveCfg = Release|Any CPU
		{88E40E56-8BC0-4FDB-A98D-F929006545CC}.Release|Any CPU.Build.0 = Release|Any CPU
		{AA008B4F-7E68-4464-8933-403CE779ADCD}.Debug|Any CPU.ActiveCfg = Debug|Any CPU
		{AA008B4F-7E68-4464-8933-403CE779ADCD}.Debug|Any CPU.Build.0 = Debug|Any CPU
		{AA008B4F-7E68-4464-8933-403CE779ADCD}.Release|Any CPU.ActiveCfg = Release|Any CPU
		{AA008B4F-7E68-4464-8933-403CE779ADCD}.Release|Any CPU.Build.0 = Release|Any CPU
	EndGlobalSection
	GlobalSection(SolutionProperties) = preSolution
		HideSolutionNode = FALSE
	EndGlobalSection
	GlobalSection(ExtensibilityGlobals) = postSolution
		SolutionGuid = {BEE3EB59-63F7-4968-BDC2-F9AAE2FBFD67}
	EndGlobalSection
EndGlobal
